
Microsoft Visual Studio Solution File, Format Version 12.00
# Visual Studio Version 17
VisualStudioVersion = 17.5.002.0
MinimumVisualStudioVersion = 10.0.40219.1
Project("{9A19103F-16F7-4668-BE54-9A1E7A4F7556}") = "Module4challenge", "Module4challenge\Module4challenge.csproj", "{0A628C27-0EFA-4443-80D5-EAA640730F82}"
EndProject
Global
	GlobalSection(SolutionConfigurationPlatforms) = preSolution
		Debug|Any CPU = Debug|Any CPU
		Release|Any CPU = Release|Any CPU
	EndGlobalSection
	GlobalSection(ProjectConfigurationPlatforms) = postSolution
		{0A628C27-0EFA-4443-80D5-EAA640730F82}.Debug|Any CPU.ActiveCfg = Debug|Any CPU
		{0A628C27-0EFA-4443-80D5-EAA640730F82}.Debug|Any CPU.Build.0 = Debug|Any CPU
		{0A628C27-0EFA-4443-80D5-EAA640730F82}.Release|Any CPU.ActiveCfg = Release|Any CPU
		{0A628C27-0EFA-4443-80D5-EAA640730F82}.Release|Any CPU.Build.0 = Release|Any CPU
	EndGlobalSection
	GlobalSection(SolutionProperties) = preSolution
		HideSolutionNode = FALSE
	EndGlobalSection
	GlobalSection(ExtensibilityGlobals) = postSolution
		SolutionGuid = {6C2EFBFA-CC3D-4CA3-A59A-34029D0982CC}
	EndGlobalSection
EndGlobal
